// !$*UTF8*$!
{
	archiveVersion = 1;
	classes = {
	};
	objectVersion = 55;
	objects = {

/* Begin PBXBuildFile section */
		290CBA0427B0BC29005966F6 /* CameraScan in Frameworks */ = {isa = PBXBuildFile; productRef = 290CBA0327B0BC29005966F6 /* CameraScan */; };
		2916B789279FA9B8006C4B88 /* CameraScanExmapleApp.swift in Sources */ = {isa = PBXBuildFile; fileRef = 2916B788279FA9B8006C4B88 /* CameraScanExmapleApp.swift */; };
		2916B78B279FA9B8006C4B88 /* TakePictureView.swift in Sources */ = {isa = PBXBuildFile; fileRef = 2916B78A279FA9B8006C4B88 /* TakePictureView.swift */; };
		2916B78D279FA9B9006C4B88 /* Assets.xcassets in Resources */ = {isa = PBXBuildFile; fileRef = 2916B78C279FA9B9006C4B88 /* Assets.xcassets */; };
		2916B790279FA9B9006C4B88 /* Preview Assets.xcassets in Resources */ = {isa = PBXBuildFile; fileRef = 2916B78F279FA9B9006C4B88 /* Preview Assets.xcassets */; };
		291EE72A27ABE79D0023DB03 /* FlatImageView.swift in Sources */ = {isa = PBXBuildFile; fileRef = 291EE72927ABE79D0023DB03 /* FlatImageView.swift */; };
		2943850827ACD2EF00C9DD3B /* HomeView.swift in Sources */ = {isa = PBXBuildFile; fileRef = 2943850727ACD2EF00C9DD3B /* HomeView.swift */; };
		2943850A27ACE89300C9DD3B /* SelectPictureView.swift in Sources */ = {isa = PBXBuildFile; fileRef = 2943850927ACE89300C9DD3B /* SelectPictureView.swift */; };
		29AA53DF27A295620034C884 /* RootRouter.swift in Sources */ = {isa = PBXBuildFile; fileRef = 29AA53DE27A295620034C884 /* RootRouter.swift */; };
		29AA53FC27A2B5C50034C884 /* EditPictureView.swift in Sources */ = {isa = PBXBuildFile; fileRef = 29AA53FB27A2B5C50034C884 /* EditPictureView.swift */; };
/* End PBXBuildFile section */

/* Begin PBXFileReference section */
		2916B785279FA9B8006C4B88 /* CameraScanExmaple.app */ = {isa = PBXFileReference; explicitFileType = wrapper.application; includeInIndex = 0; path = CameraScanExmaple.app; sourceTree = BUILT_PRODUCTS_DIR; };
		2916B788279FA9B8006C4B88 /* CameraScanExmapleApp.swift */ = {isa = PBXFileReference; lastKnownFileType = sourcecode.swift; path = CameraScanExmapleApp.swift; sourceTree = "<group>"; };
		2916B78A279FA9B8006C4B88 /* TakePictureView.swift */ = {isa = PBXFileReference; lastKnownFileType = sourcecode.swift; path = TakePictureView.swift; sourceTree = "<group>"; };
		2916B78C279FA9B9006C4B88 /* Assets.xcassets */ = {isa = PBXFileReference; lastKnownFileType = folder.assetcatalog; path = Assets.xcassets; sourceTree = "<group>"; };
		2916B78F279FA9B9006C4B88 /* Preview Assets.xcassets */ = {isa = PBXFileReference; lastKnownFileType = folder.assetcatalog; path = "Preview Assets.xcassets"; sourceTree = "<group>"; };
		291EE72927ABE79D0023DB03 /* FlatImageView.swift */ = {isa = PBXFileReference; lastKnownFileType = sourcecode.swift; path = FlatImageView.swift; sourceTree = "<group>"; };
		2943850727ACD2EF00C9DD3B /* HomeView.swift */ = {isa = PBXFileReference; lastKnownFileType = sourcecode.swift; path = HomeView.swift; sourceTree = "<group>"; };
		2943850927ACE89300C9DD3B /* SelectPictureView.swift */ = {isa = PBXFileReference; lastKnownFileType = sourcecode.swift; path = SelectPictureView.swift; sourceTree = "<group>"; };
		29AA53DE27A295620034C884 /* RootRouter.swift */ = {isa = PBXFileReference; lastKnownFileType = sourcecode.swift; path = RootRouter.swift; sourceTree = "<group>"; };
		29AA53FB27A2B5C50034C884 /* EditPictureView.swift */ = {isa = PBXFileReference; lastKnownFileType = sourcecode.swift; path = EditPictureView.swift; sourceTree = "<group>"; };
/* End PBXFileReference section */

/* Begin PBXFrameworksBuildPhase section */
		2916B782279FA9B8006C4B88 /* Frameworks */ = {
			isa = PBXFrameworksBuildPhase;
			buildActionMask = 2147483647;
			files = (
				290CBA0427B0BC29005966F6 /* CameraScan in Frameworks */,
			);
			runOnlyForDeploymentPostprocessing = 0;
		};
/* End PBXFrameworksBuildPhase section */

/* Begin PBXGroup section */
		2916B77C279FA9B8006C4B88 = {
			isa = PBXGroup;
			children = (
				2916B787279FA9B8006C4B88 /* CameraScanExmaple */,
				2916B786279FA9B8006C4B88 /* Products */,
			);
			sourceTree = "<group>";
		};
		2916B786279FA9B8006C4B88 /* Products */ = {
			isa = PBXGroup;
			children = (
				2916B785279FA9B8006C4B88 /* CameraScanExmaple.app */,
			);
			name = Products;
			sourceTree = "<group>";
		};
		2916B787279FA9B8006C4B88 /* CameraScanExmaple */ = {
			isa = PBXGroup;
			children = (
				29AA53FA27A2B5B00034C884 /* feature */,
				2916B788279FA9B8006C4B88 /* CameraScanExmapleApp.swift */,
				29AA53DE27A295620034C884 /* RootRouter.swift */,
				2916B78C279FA9B9006C4B88 /* Assets.xcassets */,
				2916B78E279FA9B9006C4B88 /* Preview Content */,
			);
			path = CameraScanExmaple;
			sourceTree = "<group>";
		};
		2916B78E279FA9B9006C4B88 /* Preview Content */ = {
			isa = PBXGroup;
			children = (
				2916B78F279FA9B9006C4B88 /* Preview Assets.xcassets */,
			);
			path = "Preview Content";
			sourceTree = "<group>";
		};
		29AA53FA27A2B5B00034C884 /* feature */ = {
			isa = PBXGroup;
			children = (
				2916B78A279FA9B8006C4B88 /* TakePictureView.swift */,
				2943850727ACD2EF00C9DD3B /* HomeView.swift */,
				29AA53FB27A2B5C50034C884 /* EditPictureView.swift */,
				291EE72927ABE79D0023DB03 /* FlatImageView.swift */,
				2943850927ACE89300C9DD3B /* SelectPictureView.swift */,
			);
			path = feature;
			sourceTree = "<group>";
		};
/* End PBXGroup section */

/* Begin PBXNativeTarget section */
		2916B784279FA9B8006C4B88 /* CameraScanExmaple */ = {
			isa = PBXNativeTarget;
			buildConfigurationList = 2916B793279FA9B9006C4B88 /* Build configuration list for PBXNativeTarget "CameraScanExmaple" */;
			buildPhases = (
				2916B781279FA9B8006C4B88 /* Sources */,
				2916B782279FA9B8006C4B88 /* Frameworks */,
				2916B783279FA9B8006C4B88 /* Resources */,
			);
			buildRules = (
			);
			dependencies = (
			);
			name = CameraScanExmaple;
			packageProductDependencies = (
				290CBA0327B0BC29005966F6 /* CameraScan */,
			);
			productName = CameraScanExmaple;
			productReference = 2916B785279FA9B8006C4B88 /* CameraScanExmaple.app */;
			productType = "com.apple.product-type.application";
		};
/* End PBXNativeTarget section */

/* Begin PBXProject section */
		2916B77D279FA9B8006C4B88 /* Project object */ = {
			isa = PBXProject;
			attributes = {
				BuildIndependentTargetsInParallel = 1;
				LastSwiftUpdateCheck = 1320;
				LastUpgradeCheck = 1320;
				TargetAttributes = {
					2916B784279FA9B8006C4B88 = {
						CreatedOnToolsVersion = 13.2.1;
					};
				};
			};
			buildConfigurationList = 2916B780279FA9B8006C4B88 /* Build configuration list for PBXProject "CameraScanExmaple" */;
			compatibilityVersion = "Xcode 13.0";
			developmentRegion = en;
			hasScannedForEncodings = 0;
			knownRegions = (
				en,
				Base,
			);
			mainGroup = 2916B77C279FA9B8006C4B88;
			packageReferences = (
				290CBA0227B0BC29005966F6 /* XCRemoteSwiftPackageReference "CameraScan" */,
			);
			productRefGroup = 2916B786279FA9B8006C4B88 /* Products */;
			projectDirPath = "";
			projectRoot = "";
			targets = (
				2916B784279FA9B8006C4B88 /* CameraScanExmaple */,
			);
		};
/* End PBXProject section */

/* Begin PBXResourcesBuildPhase section */
		2916B783279FA9B8006C4B88 /* Resources */ = {
			isa = PBXResourcesBuildPhase;
			buildActionMask = 2147483647;
			files = (
				2916B790279FA9B9006C4B88 /* Preview Assets.xcassets in Resources */,
				2916B78D279FA9B9006C4B88 /* Assets.xcassets in Resources */,
			);
			runOnlyForDeploymentPostprocessing = 0;
		};
/* End PBXResourcesBuildPhase section */

/* Begin PBXSourcesBuildPhase section */
		2916B781279FA9B8006C4B88 /* Sources */ = {
			isa = PBXSourcesBuildPhase;
			buildActionMask = 2147483647;
			files = (
				291EE72A27ABE79D0023DB03 /* FlatImageView.swift in Sources */,
				2916B78B279FA9B8006C4B88 /* TakePictureView.swift in Sources */,
				2943850A27ACE89300C9DD3B /* SelectPictureView.swift in Sources */,
				29AA53FC27A2B5C50034C884 /* EditPictureView.swift in Sources */,
				2943850827ACD2EF00C9DD3B /* HomeView.swift in Sources */,
				29AA53DF27A295620034C884 /* RootRouter.swift in Sources */,
				2916B789279FA9B8006C4B88 /* CameraScanExmapleApp.swift in Sources */,
			);
			runOnlyForDeploymentPostprocessing = 0;
		};
/* End PBXSourcesBuildPhase section */

/* Begin XCBuildConfiguration section */
		2916B791279FA9B9006C4B88 /* Debug */ = {
			isa = XCBuildConfiguration;
			buildSettings = {
				ALWAYS_SEARCH_USER_PATHS = NO;
				CLANG_ANALYZER_NONNULL = YES;
				CLANG_ANALYZER_NUMBER_OBJECT_CONVERSION = YES_AGGRESSIVE;
				CLANG_CXX_LANGUAGE_STANDARD = "gnu++17";
				CLANG_CXX_LIBRARY = "libc++";
				CLANG_ENABLE_MODULES = YES;
				CLANG_ENABLE_OBJC_ARC = YES;
				CLANG_ENABLE_OBJC_WEAK = YES;
				CLANG_WARN_BLOCK_CAPTURE_AUTORELEASING = YES;
				CLANG_WARN_BOOL_CONVERSION = YES;
				CLANG_WARN_COMMA = YES;
				CLANG_WARN_CONSTANT_CONVERSION = YES;
				CLANG_WARN_DEPRECATED_OBJC_IMPLEMENTATIONS = YES;
				CLANG_WARN_DIRECT_OBJC_ISA_USAGE = YES_ERROR;
				CLANG_WARN_DOCUMENTATION_COMMENTS = YES;
				CLANG_WARN_EMPTY_BODY = YES;
				CLANG_WARN_ENUM_CONVERSION = YES;
				CLANG_WARN_INFINITE_RECURSION = YES;
				CLANG_WARN_INT_CONVERSION = YES;
				CLANG_WARN_NON_LITERAL_NULL_CONVERSION = YES;
				CLANG_WARN_OBJC_IMPLICIT_RETAIN_SELF = YES;
				CLANG_WARN_OBJC_LITERAL_CONVERSION = YES;
				CLANG_WARN_OBJC_ROOT_CLASS = YES_ERROR;
				CLANG_WARN_QUOTED_INCLUDE_IN_FRAMEWORK_HEADER = YES;
				CLANG_WARN_RANGE_LOOP_ANALYSIS = YES;
				CLANG_WARN_STRICT_PROTOTYPES = YES;
				CLANG_WARN_SUSPICIOUS_MOVE = YES;
				CLANG_WARN_UNGUARDED_AVAILABILITY = YES_AGGRESSIVE;
				CLANG_WARN_UNREACHABLE_CODE = YES;
				CLANG_WARN__DUPLICATE_METHOD_MATCH = YES;
				COPY_PHASE_STRIP = NO;
				DEBUG_INFORMATION_FORMAT = dwarf;
				ENABLE_STRICT_OBJC_MSGSEND = YES;
				ENABLE_TESTABILITY = YES;
				GCC_C_LANGUAGE_STANDARD = gnu11;
				GCC_DYNAMIC_NO_PIC = NO;
				GCC_NO_COMMON_BLOCKS = YES;
				GCC_OPTIMIZATION_LEVEL = 0;
				GCC_PREPROCESSOR_DEFINITIONS = (
					"DEBUG=1",
					"$(inherited)",
				);
				GCC_WARN_64_TO_32_BIT_CONVERSION = YES;
				GCC_WARN_ABOUT_RETURN_TYPE = YES_ERROR;
				GCC_WARN_UNDECLARED_SELECTOR = YES;
				GCC_WARN_UNINITIALIZED_AUTOS = YES_AGGRESSIVE;
				GCC_WARN_UNUSED_FUNCTION = YES;
				GCC_WARN_UNUSED_VARIABLE = YES;
				IPHONEOS_DEPLOYMENT_TARGET = 14.0;
				MTL_ENABLE_DEBUG_INFO = INCLUDE_SOURCE;
				MTL_FAST_MATH = YES;
				ONLY_ACTIVE_ARCH = YES;
				SDKROOT = iphoneos;
				SWIFT_ACTIVE_COMPILATION_CONDITIONS = DEBUG;
				SWIFT_OPTIMIZATION_LEVEL = "-Onone";
			};
			name = Debug;
		};
		2916B792279FA9B9006C4B88 /* Release */ = {
			isa = XCBuildConfiguration;
			buildSettings = {
				ALWAYS_SEARCH_USER_PATHS = NO;
				CLANG_ANALYZER_NONNULL = YES;
				CLANG_ANALYZER_NUMBER_OBJECT_CONVERSION = YES_AGGRESSIVE;
				CLANG_CXX_LANGUAGE_STANDARD = "gnu++17";
				CLANG_CXX_LIBRARY = "libc++";
				CLANG_ENABLE_MODULES = YES;
				CLANG_ENABLE_OBJC_ARC = YES;
				CLANG_ENABLE_OBJC_WEAK = YES;
				CLANG_WARN_BLOCK_CAPTURE_AUTORELEASING = YES;
				CLANG_WARN_BOOL_CONVERSION = YES;
				CLANG_WARN_COMMA = YES;
				CLANG_WARN_CONSTANT_CONVERSION = YES;
				CLANG_WARN_DEPRECATED_OBJC_IMPLEMENTATIONS = YES;
				CLANG_WARN_DIRECT_OBJC_ISA_USAGE = YES_ERROR;
				CLANG_WARN_DOCUMENTATION_COMMENTS = YES;
				CLANG_WARN_EMPTY_BODY = YES;
				CLANG_WARN_ENUM_CONVERSION = YES;
				CLANG_WARN_INFINITE_RECURSION = YES;
				CLANG_WARN_INT_CONVERSION = YES;
				CLANG_WARN_NON_LITERAL_NULL_CONVERSION = YES;
				CLANG_WARN_OBJC_IMPLICIT_RETAIN_SELF = YES;
				CLANG_WARN_OBJC_LITERAL_CONVERSION = YES;
				CLANG_WARN_OBJC_ROOT_CLASS = YES_ERROR;
				CLANG_WARN_QUOTED_INCLUDE_IN_FRAMEWORK_HEADER = YES;
				CLANG_WARN_RANGE_LOOP_ANALYSIS = YES;
				CLANG_WARN_STRICT_PROTOTYPES = YES;
				CLANG_WARN_SUSPICIOUS_MOVE = YES;
				CLANG_WARN_UNGUARDED_AVAILABILITY = YES_AGGRESSIVE;
				CLANG_WARN_UNREACHABLE_CODE = YES;
				CLANG_WARN__DUPLICATE_METHOD_MATCH = YES;
				COPY_PHASE_STRIP = NO;
				DEBUG_INFORMATION_FORMAT = "dwarf-with-dsym";
				ENABLE_NS_ASSERTIONS = NO;
				ENABLE_STRICT_OBJC_MSGSEND = YES;
				GCC_C_LANGUAGE_STANDARD = gnu11;
				GCC_NO_COMMON_BLOCKS = YES;
				GCC_WARN_64_TO_32_BIT_CONVERSION = YES;
				GCC_WARN_ABOUT_RETURN_TYPE = YES_ERROR;
				GCC_WARN_UNDECLARED_SELECTOR = YES;
				GCC_WARN_UNINITIALIZED_AUTOS = YES_AGGRESSIVE;
				GCC_WARN_UNUSED_FUNCTION = YES;
				GCC_WARN_UNUSED_VARIABLE = YES;
				IPHONEOS_DEPLOYMENT_TARGET = 14.0;
				MTL_ENABLE_DEBUG_INFO = NO;
				MTL_FAST_MATH = YES;
				SDKROOT = iphoneos;
				SWIFT_COMPILATION_MODE = wholemodule;
				SWIFT_OPTIMIZATION_LEVEL = "-O";
				VALIDATE_PRODUCT = YES;
			};
			name = Release;
		};
		2916B794279FA9B9006C4B88 /* Debug */ = {
			isa = XCBuildConfiguration;
			buildSettings = {
				ASSETCATALOG_COMPILER_APPICON_NAME = AppIcon;
				ASSETCATALOG_COMPILER_GLOBAL_ACCENT_COLOR_NAME = AccentColor;
				CODE_SIGN_STYLE = Automatic;
				CURRENT_PROJECT_VERSION = 1;
				DEVELOPMENT_ASSET_PATHS = "\"CameraScanExmaple/Preview Content\"";
				DEVELOPMENT_TEAM = 7836J6Z5N8;
				ENABLE_PREVIEWS = YES;
				GENERATE_INFOPLIST_FILE = YES;
				INFOPLIST_KEY_NSCameraUsageDescription = "Used to scan images.";
				INFOPLIST_KEY_NSPhotoLibraryAddUsageDescription = "Used to select images from your Photo Library.";
				INFOPLIST_KEY_UIApplicationSceneManifest_Generation = YES;
				INFOPLIST_KEY_UIApplicationSupportsIndirectInputEvents = YES;
				INFOPLIST_KEY_UILaunchScreen_Generation = YES;
				INFOPLIST_KEY_UISupportedInterfaceOrientations_iPad = "UIInterfaceOrientationPortrait UIInterfaceOrientationPortraitUpsideDown UIInterfaceOrientationLandscapeLeft UIInterfaceOrientationLandscapeRight";
				INFOPLIST_KEY_UISupportedInterfaceOrientations_iPhone = "UIInterfaceOrientationPortrait UIInterfaceOrientationLandscapeLeft UIInterfaceOrientationLandscapeRight";
				LD_RUNPATH_SEARCH_PATHS = (
					"$(inherited)",
					"@executable_path/Frameworks",
				);
				MARKETING_VERSION = 1.0;
				PRODUCT_BUNDLE_IDENTIFIER = icom.flitto.previewer.CameraScanExmaple;
				PRODUCT_NAME = "$(TARGET_NAME)";
				SWIFT_EMIT_LOC_STRINGS = YES;
				SWIFT_VERSION = 5.0;
				TARGETED_DEVICE_FAMILY = "1,2";
			};
			name = Debug;
		};
		2916B795279FA9B9006C4B88 /* Release */ = {
			isa = XCBuildConfiguration;
			buildSettings = {
				ASSETCATALOG_COMPILER_APPICON_NAME = AppIcon;
				ASSETCATALOG_COMPILER_GLOBAL_ACCENT_COLOR_NAME = AccentColor;
				CODE_SIGN_STYLE = Automatic;
				CURRENT_PROJECT_VERSION = 1;
				DEVELOPMENT_ASSET_PATHS = "\"CameraScanExmaple/Preview Content\"";
				DEVELOPMENT_TEAM = 7836J6Z5N8;
				ENABLE_PREVIEWS = YES;
				GENERATE_INFOPLIST_FILE = YES;
				INFOPLIST_KEY_NSCameraUsageDescription = "Used to scan images.";
				INFOPLIST_KEY_NSPhotoLibraryAddUsageDescription = "Used to select images from your Photo Library.";
				INFOPLIST_KEY_UIApplicationSceneManifest_Generation = YES;
				INFOPLIST_KEY_UIApplicationSupportsIndirectInputEvents = YES;
				INFOPLIST_KEY_UILaunchScreen_Generation = YES;
				INFOPLIST_KEY_UISupportedInterfaceOrientations_iPad = "UIInterfaceOrientationPortrait UIInterfaceOrientationPortraitUpsideDown UIInterfaceOrientationLandscapeLeft UIInterfaceOrientationLandscapeRight";
				INFOPLIST_KEY_UISupportedInterfaceOrientations_iPhone = "UIInterfaceOrientationPortrait UIInterfaceOrientationLandscapeLeft UIInterfaceOrientationLandscapeRight";
				LD_RUNPATH_SEARCH_PATHS = (
					"$(inherited)",
					"@executable_path/Frameworks",
				);
				MARKETING_VERSION = 1.0;
				PRODUCT_BUNDLE_IDENTIFIER = icom.flitto.previewer.CameraScanExmaple;
				PRODUCT_NAME = "$(TARGET_NAME)";
				SWIFT_EMIT_LOC_STRINGS = YES;
				SWIFT_VERSION = 5.0;
				TARGETED_DEVICE_FAMILY = "1,2";
			};
			name = Release;
		};
/* End XCBuildConfiguration section */

/* Begin XCConfigurationList section */
		2916B780279FA9B8006C4B88 /* Build configuration list for PBXProject "CameraScanExmaple" */ = {
			isa = XCConfigurationList;
			buildConfigurations = (
				2916B791279FA9B9006C4B88 /* Debug */,
				2916B792279FA9B9006C4B88 /* Release */,
			);
			defaultConfigurationIsVisible = 0;
			defaultConfigurationName = Release;
		};
		2916B793279FA9B9006C4B88 /* Build configuration list for PBXNativeTarget "CameraScanExmaple" */ = {
			isa = XCConfigurationList;
			buildConfigurations = (
				2916B794279FA9B9006C4B88 /* Debug */,
				2916B795279FA9B9006C4B88 /* Release */,
			);
			defaultConfigurationIsVisible = 0;
			defaultConfigurationName = Release;
		};
/* End XCConfigurationList section */

/* Begin XCRemoteSwiftPackageReference section */
		290CBA0227B0BC29005966F6 /* XCRemoteSwiftPackageReference "CameraScan" */ = {
			isa = XCRemoteSwiftPackageReference;
			repositoryURL = "https://github.com/interactord/CameraScan";
			requirement = {
				branch = main;
				kind = branch;
			};
		};
/* End XCRemoteSwiftPackageReference section */

/* Begin XCSwiftPackageProductDependency section */
		290CBA0327B0BC29005966F6 /* CameraScan */ = {
			isa = XCSwiftPackageProductDependency;
			package = 290CBA0227B0BC29005966F6 /* XCRemoteSwiftPackageReference "CameraScan" */;
			productName = CameraScan;
		};
/* End XCSwiftPackageProductDependency section */
	};
	rootObject = 2916B77D279FA9B8006C4B88 /* Project object */;
}
