{
  "object": {
    "pins": [
      {
        "package": "CameraScan",
        "repositoryURL": "/Users/sangbongmoon/WorkSpace/CameraScan",
        "state": {
          "branch": "main",
          "revision": "2bf5b6bd6731ef156fa153ba8b01e3d878690b20",
          "version": null
        }
      }
    ]
  },
  "version": 1
}
