{
  "object": {
    "pins": [
      {
        "package": "CameraScan",
        "repositoryURL": "/Users/sangbongmoon/WorkSpace/CameraScan",
        "state": {
          "branch": "main",
          "revision": "c5b3563af7679182cf162cec7a091a0eb9cb4a98",
          "version": null
        }
      }
    ]
  },
  "version": 1
}
