{
  "object": {
    "pins": [
      {
        "package": "CameraScan",
        "repositoryURL": "/Users/sangbongmoon/WorkSpace/CameraScan",
        "state": {
          "branch": "main",
          "revision": "dc9cf5b8183680de6ccb2609b260b26313092f9f",
          "version": null
        }
      }
    ]
  },
  "version": 1
}
